// !$*UTF8*$!
{
	archiveVersion = 1;
	classes = {
	};
	objectVersion = 46;
	objects = {

/* Begin PBXBuildFile section */
		17D0AA641CAC507E004FAF8C /* AppDelegate.swift in Sources */ = {isa = PBXBuildFile; fileRef = 17D0AA631CAC507E004FAF8C /* AppDelegate.swift */; };
		17D0AA661CAC507E004FAF8C /* ViewController.swift in Sources */ = {isa = PBXBuildFile; fileRef = 17D0AA651CAC507E004FAF8C /* ViewController.swift */; };
		17D0AA691CAC507E004FAF8C /* Main.storyboard in Resources */ = {isa = PBXBuildFile; fileRef = 17D0AA671CAC507E004FAF8C /* Main.storyboard */; };
		17D0AA6B1CAC507E004FAF8C /* Assets.xcassets in Resources */ = {isa = PBXBuildFile; fileRef = 17D0AA6A1CAC507E004FAF8C /* Assets.xcassets */; };
		17D0AA6E1CAC507E004FAF8C /* LaunchScreen.storyboard in Resources */ = {isa = PBXBuildFile; fileRef = 17D0AA6C1CAC507E004FAF8C /* LaunchScreen.storyboard */; };
		17D0AA761CAC50A5004FAF8C /* UserLocationManager.swift in Sources */ = {isa = PBXBuildFile; fileRef = 17D0AA751CAC50A5004FAF8C /* UserLocationManager.swift */; };
/* End PBXBuildFile section */

/* Begin PBXFileReference section */
		17D0AA601CAC507E004FAF8C /* LocationManagerSingleton.app */ = {isa = PBXFileReference; explicitFileType = wrapper.application; includeInIndex = 0; path = LocationManagerSingleton.app; sourceTree = BUILT_PRODUCTS_DIR; };
		17D0AA631CAC507E004FAF8C /* AppDelegate.swift */ = {isa = PBXFileReference; lastKnownFileType = sourcecode.swift; path = AppDelegate.swift; sourceTree = "<group>"; };
		17D0AA651CAC507E004FAF8C /* ViewController.swift */ = {isa = PBXFileReference; lastKnownFileType = sourcecode.swift; path = ViewController.swift; sourceTree = "<group>"; };
		17D0AA681CAC507E004FAF8C /* Base */ = {isa = PBXFileReference; lastKnownFileType = file.storyboard; name = Base; path = Base.lproj/Main.storyboard; sourceTree = "<group>"; };
		17D0AA6A1CAC507E004FAF8C /* Assets.xcassets */ = {isa = PBXFileReference; lastKnownFileType = folder.assetcatalog; path = Assets.xcassets; sourceTree = "<group>"; };
		17D0AA6D1CAC507E004FAF8C /* Base */ = {isa = PBXFileReference; lastKnownFileType = file.storyboard; name = Base; path = Base.lproj/LaunchScreen.storyboard; sourceTree = "<group>"; };
		17D0AA6F1CAC507E004FAF8C /* Info.plist */ = {isa = PBXFileReference; lastKnownFileType = text.plist.xml; path = Info.plist; sourceTree = "<group>"; };
		17D0AA751CAC50A5004FAF8C /* UserLocationManager.swift */ = {isa = PBXFileReference; fileEncoding = 4; lastKnownFileType = sourcecode.swift; path = UserLocationManager.swift; sourceTree = "<group>"; };
/* End PBXFileReference section */

/* Begin PBXFrameworksBuildPhase section */
		17D0AA5D1CAC507E004FAF8C /* Frameworks */ = {
			isa = PBXFrameworksBuildPhase;
			buildActionMask = 2147483647;
			files = (
			);
			runOnlyForDeploymentPostprocessing = 0;
		};
/* End PBXFrameworksBuildPhase section */

/* Begin PBXGroup section */
		17D0AA571CAC507D004FAF8C = {
			isa = PBXGroup;
			children = (
				17D0AA621CAC507E004FAF8C /* LocationManagerSingleton */,
				17D0AA611CAC507E004FAF8C /* Products */,
			);
			sourceTree = "<group>";
		};
		17D0AA611CAC507E004FAF8C /* Products */ = {
			isa = PBXGroup;
			children = (
				17D0AA601CAC507E004FAF8C /* LocationManagerSingleton.app */,
			);
			name = Products;
			sourceTree = "<group>";
		};
		17D0AA621CAC507E004FAF8C /* LocationManagerSingleton */ = {
			isa = PBXGroup;
			children = (
				17D0AA631CAC507E004FAF8C /* AppDelegate.swift */,
				17D0AA651CAC507E004FAF8C /* ViewController.swift */,
				17D0AA671CAC507E004FAF8C /* Main.storyboard */,
				17D0AA6A1CAC507E004FAF8C /* Assets.xcassets */,
				17D0AA6C1CAC507E004FAF8C /* LaunchScreen.storyboard */,
				17D0AA6F1CAC507E004FAF8C /* Info.plist */,
				17D0AA751CAC50A5004FAF8C /* UserLocationManager.swift */,
			);
			path = LocationManagerSingleton;
			sourceTree = "<group>";
		};
/* End PBXGroup section */

/* Begin PBXNativeTarget section */
		17D0AA5F1CAC507E004FAF8C /* LocationManagerSingleton */ = {
			isa = PBXNativeTarget;
			buildConfigurationList = 17D0AA721CAC507E004FAF8C /* Build configuration list for PBXNativeTarget "LocationManagerSingleton" */;
			buildPhases = (
				17D0AA5C1CAC507E004FAF8C /* Sources */,
				17D0AA5D1CAC507E004FAF8C /* Frameworks */,
				17D0AA5E1CAC507E004FAF8C /* Resources */,
			);
			buildRules = (
			);
			dependencies = (
			);
			name = LocationManagerSingleton;
			productName = LocationManagerSingleton;
			productReference = 17D0AA601CAC507E004FAF8C /* LocationManagerSingleton.app */;
			productType = "com.apple.product-type.application";
		};
/* End PBXNativeTarget section */

/* Begin PBXProject section */
		17D0AA581CAC507D004FAF8C /* Project object */ = {
			isa = PBXProject;
			attributes = {
				LastSwiftUpdateCheck = 0720;
				LastUpgradeCheck = 0720;
				ORGANIZATIONNAME = "Ilone Labs";
				TargetAttributes = {
					17D0AA5F1CAC507E004FAF8C = {
						CreatedOnToolsVersion = 7.2.1;
						DevelopmentTeam = RGST57P8UR;
					};
				};
			};
			buildConfigurationList = 17D0AA5B1CAC507D004FAF8C /* Build configuration list for PBXProject "LocationManagerSingleton" */;
			compatibilityVersion = "Xcode 3.2";
			developmentRegion = English;
			hasScannedForEncodings = 0;
			knownRegions = (
				en,
				Base,
			);
			mainGroup = 17D0AA571CAC507D004FAF8C;
			productRefGroup = 17D0AA611CAC507E004FAF8C /* Products */;
			projectDirPath = "";
			projectRoot = "";
			targets = (
				17D0AA5F1CAC507E004FAF8C /* LocationManagerSingleton */,
			);
		};
/* End PBXProject section */

/* Begin PBXResourcesBuildPhase section */
		17D0AA5E1CAC507E004FAF8C /* Resources */ = {
			isa = PBXResourcesBuildPhase;
			buildActionMask = 2147483647;
			files = (
				17D0AA6E1CAC507E004FAF8C /* LaunchScreen.storyboard in Resources */,
				17D0AA6B1CAC507E004FAF8C /* Assets.xcassets in Resources */,
				17D0AA691CAC507E004FAF8C /* Main.storyboard in Resources */,
			);
			runOnlyForDeploymentPostprocessing = 0;
		};
/* End PBXResourcesBuildPhase section */

/* Begin PBXSourcesBuildPhase section */
		17D0AA5C1CAC507E004FAF8C /* Sources */ = {
			isa = PBXSourcesBuildPhase;
			buildActionMask = 2147483647;
			files = (
				17D0AA661CAC507E004FAF8C /* ViewController.swift in Sources */,
				17D0AA641CAC507E004FAF8C /* AppDelegate.swift in Sources */,
				17D0AA761CAC50A5004FAF8C /* UserLocationManager.swift in Sources */,
			);
			runOnlyForDeploymentPostprocessing = 0;
		};
/* End PBXSourcesBuildPhase section */

/* Begin PBXVariantGroup section */
		17D0AA671CAC507E004FAF8C /* Main.storyboard */ = {
			isa = PBXVariantGroup;
			children = (
				17D0AA681CAC507E004FAF8C /* Base */,
			);
			name = Main.storyboard;
			sourceTree = "<group>";
		};
		17D0AA6C1CAC507E004FAF8C /* LaunchScreen.storyboard */ = {
			isa = PBXVariantGroup;
			children = (
				17D0AA6D1CAC507E004FAF8C /* Base */,
			);
			name = LaunchScreen.storyboard;
			sourceTree = "<group>";
		};
/* End PBXVariantGroup section */

/* Begin XCBuildConfiguration section */
		17D0AA701CAC507E004FAF8C /* Debug */ = {
			isa = XCBuildConfiguration;
			buildSettings = {
				ALWAYS_SEARCH_USER_PATHS = NO;
				CLANG_CXX_LANGUAGE_STANDARD = "gnu++0x";
				CLANG_CXX_LIBRARY = "libc++";
				CLANG_ENABLE_MODULES = YES;
				CLANG_ENABLE_OBJC_ARC = YES;
				CLANG_WARN_BOOL_CONVERSION = YES;
				CLANG_WARN_CONSTANT_CONVERSION = YES;
				CLANG_WARN_DIRECT_OBJC_ISA_USAGE = YES_ERROR;
				CLANG_WARN_EMPTY_BODY = YES;
				CLANG_WARN_ENUM_CONVERSION = YES;
				CLANG_WARN_INT_CONVERSION = YES;
				CLANG_WARN_OBJC_ROOT_CLASS = YES_ERROR;
				CLANG_WARN_UNREACHABLE_CODE = YES;
				CLANG_WARN__DUPLICATE_METHOD_MATCH = YES;
				"CODE_SIGN_IDENTITY[sdk=iphoneos*]" = "iPhone Developer";
				COPY_PHASE_STRIP = NO;
				DEBUG_INFORMATION_FORMAT = dwarf;
				ENABLE_STRICT_OBJC_MSGSEND = YES;
				ENABLE_TESTABILITY = YES;
				GCC_C_LANGUAGE_STANDARD = gnu99;
				GCC_DYNAMIC_NO_PIC = NO;
				GCC_NO_COMMON_BLOCKS = YES;
				GCC_OPTIMIZATION_LEVEL = 0;
				GCC_PREPROCESSOR_DEFINITIONS = (
					"DEBUG=1",
					"$(inherited)",
				);
				GCC_WARN_64_TO_32_BIT_CONVERSION = YES;
				GCC_WARN_ABOUT_RETURN_TYPE = YES_ERROR;
				GCC_WARN_UNDECLARED_SELECTOR = YES;
				GCC_WARN_UNINITIALIZED_AUTOS = YES_AGGRESSIVE;
				GCC_WARN_UNUSED_FUNCTION = YES;
				GCC_WARN_UNUSED_VARIABLE = YES;
				IPHONEOS_DEPLOYMENT_TARGET = 9.2;
				MTL_ENABLE_DEBUG_INFO = YES;
				ONLY_ACTIVE_ARCH = YES;
				SDKROOT = iphoneos;
				SWIFT_OPTIMIZATION_LEVEL = "-Onone";
			};
			name = Debug;
		};
		17D0AA711CAC507E004FAF8C /* Release */ = {
			isa = XCBuildConfiguration;
			buildSettings = {
				ALWAYS_SEARCH_USER_PATHS = NO;
				CLANG_CXX_LANGUAGE_STANDARD = "gnu++0x";
				CLANG_CXX_LIBRARY = "libc++";
				CLANG_ENABLE_MODULES = YES;
				CLANG_ENABLE_OBJC_ARC = YES;
				CLANG_WARN_BOOL_CONVERSION = YES;
				CLANG_WARN_CONSTANT_CONVERSION = YES;
				CLANG_WARN_DIRECT_OBJC_ISA_USAGE = YES_ERROR;
				CLANG_WARN_EMPTY_BODY = YES;
				CLANG_WARN_ENUM_CONVERSION = YES;
				CLANG_WARN_INT_CONVERSION = YES;
				CLANG_WARN_OBJC_ROOT_CLASS = YES_ERROR;
				CLANG_WARN_UNREACHABLE_CODE = YES;
				CLANG_WARN__DUPLICATE_METHOD_MATCH = YES;
				"CODE_SIGN_IDENTITY[sdk=iphoneos*]" = "iPhone Developer";
				COPY_PHASE_STRIP = NO;
				DEBUG_INFORMATION_FORMAT = "dwarf-with-dsym";
				ENABLE_NS_ASSERTIONS = NO;
				ENABLE_STRICT_OBJC_MSGSEND = YES;
				GCC_C_LANGUAGE_STANDARD = gnu99;
				GCC_NO_COMMON_BLOCKS = YES;
				GCC_WARN_64_TO_32_BIT_CONVERSION = YES;
				GCC_WARN_ABOUT_RETURN_TYPE = YES_ERROR;
				GCC_WARN_UNDECLARED_SELECTOR = YES;
				GCC_WARN_UNINITIALIZED_AUTOS = YES_AGGRESSIVE;
				GCC_WARN_UNUSED_FUNCTION = YES;
				GCC_WARN_UNUSED_VARIABLE = YES;
				IPHONEOS_DEPLOYMENT_TARGET = 9.2;
				MTL_ENABLE_DEBUG_INFO = NO;
				SDKROOT = iphoneos;
				VALIDATE_PRODUCT = YES;
			};
			name = Release;
		};
		17D0AA731CAC507E004FAF8C /* Debug */ = {
			isa = XCBuildConfiguration;
			buildSettings = {
				ASSETCATALOG_COMPILER_APPICON_NAME = AppIcon;
				INFOPLIST_FILE = LocationManagerSingleton/Info.plist;
				LD_RUNPATH_SEARCH_PATHS = "$(inherited) @executable_path/Frameworks";
				PRODUCT_BUNDLE_IDENTIFIER = com.irfanprograms.LocationManagerSingleton;
				PRODUCT_NAME = "$(TARGET_NAME)";
			};
			name = Debug;
		};
		17D0AA741CAC507E004FAF8C /* Release */ = {
			isa = XCBuildConfiguration;
			buildSettings = {
				ASSETCATALOG_COMPILER_APPICON_NAME = AppIcon;
				INFOPLIST_FILE = LocationManagerSingleton/Info.plist;
				LD_RUNPATH_SEARCH_PATHS = "$(inherited) @executable_path/Frameworks";
				PRODUCT_BUNDLE_IDENTIFIER = com.irfanprograms.LocationManagerSingleton;
				PRODUCT_NAME = "$(TARGET_NAME)";
			};
			name = Release;
		};
/* End XCBuildConfiguration section */

/* Begin XCConfigurationList section */
		17D0AA5B1CAC507D004FAF8C /* Build configuration list for PBXProject "LocationManagerSingleton" */ = {
			isa = XCConfigurationList;
			buildConfigurations = (
				17D0AA701CAC507E004FAF8C /* Debug */,
				17D0AA711CAC507E004FAF8C /* Release */,
			);
			defaultConfigurationIsVisible = 0;
			defaultConfigurationName = Release;
		};
		17D0AA721CAC507E004FAF8C /* Build configuration list for PBXNativeTarget "LocationManagerSingleton" */ = {
			isa = XCConfigurationList;
			buildConfigurations = (
				17D0AA731CAC507E004FAF8C /* Debug */,
				17D0AA741CAC507E004FAF8C /* Release */,
			);
			defaultConfigurationIsVisible = 0;
		};
/* End XCConfigurationList section */
	};
	rootObject = 17D0AA581CAC507D004FAF8C /* Project object */;
}
